
Microsoft Visual Studio Solution File, Format Version 12.00
# Visual Studio Version 17
VisualStudioVersion = 17.5.002.0
MinimumVisualStudioVersion = 10.0.40219.1
Project("{9A19103F-16F7-4668-BE54-9A1E7A4F7556}") = "vibe-backend", "vibe-backend\vibe-backend.csproj", "{30A3DC6F-055B-428C-89FD-7F78B02BF29D}"
EndProject
Global
	GlobalSection(SolutionConfigurationPlatforms) = preSolution
		Debug|Any CPU = Debug|Any CPU
		Release|Any CPU = Release|Any CPU
	EndGlobalSection
	GlobalSection(ProjectConfigurationPlatforms) = postSolution
		{30A3DC6F-055B-428C-89FD-7F78B02BF29D}.Debug|Any CPU.ActiveCfg = Debug|Any CPU
		{30A3DC6F-055B-428C-89FD-7F78B02BF29D}.Debug|Any CPU.Build.0 = Debug|Any CPU
		{30A3DC6F-055B-428C-89FD-7F78B02BF29D}.Release|Any CPU.ActiveCfg = Release|Any CPU
		{30A3DC6F-055B-428C-89FD-7F78B02BF29D}.Release|Any CPU.Build.0 = Release|Any CPU
	EndGlobalSection
	GlobalSection(SolutionProperties) = preSolution
		HideSolutionNode = FALSE
	EndGlobalSection
	GlobalSection(ExtensibilityGlobals) = postSolution
		SolutionGuid = {39C566D8-15DE-4647-A58A-58E01C22AD6F}
	EndGlobalSection
EndGlobal
